
Microsoft Visual Studio Solution File, Format Version 12.00
# Visual Studio Version 17
VisualStudioVersion = 17.0.31919.166
MinimumVisualStudioVersion = 10.0.40219.1
Project("{9A19103F-16F7-4668-BE54-9A1E7A4F7556}") = "ProjectDesign", "ProjectDesign\ProjectDesign.csproj", "{605BABBE-CC8D-4C1E-836E-3607A01AE4F9}"
EndProject
Project("{2150E333-8FDC-42A3-9474-1A3956D46DE8}") = "Behavioral", "Behavioral", "{3BDE3AC7-D6FC-4992-A41B-3746A720FA6E}"
EndProject
Project("{2150E333-8FDC-42A3-9474-1A3956D46DE8}") = "Creational", "Creational", "{17447421-435D-49BF-B571-E894DF6D7606}"
EndProject
Project("{2150E333-8FDC-42A3-9474-1A3956D46DE8}") = "SOLID", "SOLID", "{D4457338-0AB9-48E1-93DE-D1EB525070F2}"
EndProject
Project("{2150E333-8FDC-42A3-9474-1A3956D46DE8}") = "Structural", "Structural", "{9CCBF8C0-34AB-49A7-8813-F718E14FCB82}"
EndProject
Project("{9A19103F-16F7-4668-BE54-9A1E7A4F7556}") = "SingleResponsibility", "SingleResponsibility\SingleResponsibility.csproj", "{94CEFC36-92F9-4F12-B8C2-7F5C983D88FF}"
EndProject
Project("{9A19103F-16F7-4668-BE54-9A1E7A4F7556}") = "OpenClose", "OpenClose\OpenClose.csproj", "{B2D78525-FDFC-42A4-AE84-78AF5A7CC493}"
EndProject
Project("{9A19103F-16F7-4668-BE54-9A1E7A4F7556}") = "LiskovSubstitution", "LiskovSubstitution\LiskovSubstitution.csproj", "{6C3FF0F7-2FAE-4EDA-83DF-5C0614A1D723}"
EndProject
Project("{9A19103F-16F7-4668-BE54-9A1E7A4F7556}") = "InterfaceSegregation", "InterfaceSegregation\InterfaceSegregation.csproj", "{6F51A9D2-BA55-4CC8-BCFC-93029BC81863}"
EndProject
Project("{9A19103F-16F7-4668-BE54-9A1E7A4F7556}") = "DependencyInversion", "DependencyInversion\DependencyInversion.csproj", "{C8C65B87-1D69-4BB6-BB67-B40371B0BCBE}"
EndProject
Project("{9A19103F-16F7-4668-BE54-9A1E7A4F7556}") = "Builder", "Builder\Builder.csproj", "{2C7C03AC-B903-416D-86F6-F1115F67DAD4}"
EndProject
Project("{9A19103F-16F7-4668-BE54-9A1E7A4F7556}") = "Factory", "Factory\Factory.csproj", "{87C30FE9-F30A-4EA6-B19A-3F3D18BCF818}"
EndProject
Project("{9A19103F-16F7-4668-BE54-9A1E7A4F7556}") = "AbstractFactory", "AbstractFactory\AbstractFactory.csproj", "{BF6394C8-6994-4CC2-ACA7-666405473A15}"
EndProject
Project("{9A19103F-16F7-4668-BE54-9A1E7A4F7556}") = "Prototype", "Prototype\Prototype.csproj", "{F5FED22F-7537-4539-87D9-AFFE9AE6F344}"
EndProject
Project("{9A19103F-16F7-4668-BE54-9A1E7A4F7556}") = "Singleton", "Singleton\Singleton.csproj", "{E7DAF9EC-0CCD-4C59-A6F9-2CD62C8C0FCC}"
EndProject
Project("{9A19103F-16F7-4668-BE54-9A1E7A4F7556}") = "Strategy", "Strategy\Strategy.csproj", "{F0CDC1EE-E069-4330-88D3-83752F2CD66C}"
EndProject
Project("{9A19103F-16F7-4668-BE54-9A1E7A4F7556}") = "Observer", "Observer\Observer.csproj", "{6FD11B11-1C39-43FB-AEDC-1E5808F5EB70}"
EndProject
Project("{9A19103F-16F7-4668-BE54-9A1E7A4F7556}") = "Mediator", "Mediator\Mediator.csproj", "{FE820CB0-727C-40C2-BD5F-4F59E67FECBE}"
EndProject
Project("{9A19103F-16F7-4668-BE54-9A1E7A4F7556}") = "ChainOfResponsibility", "ChainOfResponsibility\ChainOfResponsibility.csproj", "{BFD6C927-56A4-4C49-A044-2B1F8ED9F9A8}"
EndProject
Project("{FAE04EC0-301F-11D3-BF4B-00C04F79EFBC}") = "TemplateMethod", "TemplateMethod\TemplateMethod.csproj", "{61415374-9278-400C-8B77-579FB307BD6F}"
EndProject
Global
	GlobalSection(SolutionConfigurationPlatforms) = preSolution
		Debug|Any CPU = Debug|Any CPU
		Release|Any CPU = Release|Any CPU
	EndGlobalSection
	GlobalSection(ProjectConfigurationPlatforms) = postSolution
		{605BABBE-CC8D-4C1E-836E-3607A01AE4F9}.Debug|Any CPU.ActiveCfg = Debug|Any CPU
		{605BABBE-CC8D-4C1E-836E-3607A01AE4F9}.Debug|Any CPU.Build.0 = Debug|Any CPU
		{605BABBE-CC8D-4C1E-836E-3607A01AE4F9}.Release|Any CPU.ActiveCfg = Release|Any CPU
		{605BABBE-CC8D-4C1E-836E-3607A01AE4F9}.Release|Any CPU.Build.0 = Release|Any CPU
		{94CEFC36-92F9-4F12-B8C2-7F5C983D88FF}.Debug|Any CPU.ActiveCfg = Debug|Any CPU
		{94CEFC36-92F9-4F12-B8C2-7F5C983D88FF}.Debug|Any CPU.Build.0 = Debug|Any CPU
		{94CEFC36-92F9-4F12-B8C2-7F5C983D88FF}.Release|Any CPU.ActiveCfg = Release|Any CPU
		{94CEFC36-92F9-4F12-B8C2-7F5C983D88FF}.Release|Any CPU.Build.0 = Release|Any CPU
		{B2D78525-FDFC-42A4-AE84-78AF5A7CC493}.Debug|Any CPU.ActiveCfg = Debug|Any CPU
		{B2D78525-FDFC-42A4-AE84-78AF5A7CC493}.Debug|Any CPU.Build.0 = Debug|Any CPU
		{B2D78525-FDFC-42A4-AE84-78AF5A7CC493}.Release|Any CPU.ActiveCfg = Release|Any CPU
		{B2D78525-FDFC-42A4-AE84-78AF5A7CC493}.Release|Any CPU.Build.0 = Release|Any CPU
		{6C3FF0F7-2FAE-4EDA-83DF-5C0614A1D723}.Debug|Any CPU.ActiveCfg = Debug|Any CPU
		{6C3FF0F7-2FAE-4EDA-83DF-5C0614A1D723}.Debug|Any CPU.Build.0 = Debug|Any CPU
		{6C3FF0F7-2FAE-4EDA-83DF-5C0614A1D723}.Release|Any CPU.ActiveCfg = Release|Any CPU
		{6C3FF0F7-2FAE-4EDA-83DF-5C0614A1D723}.Release|Any CPU.Build.0 = Release|Any CPU
		{6F51A9D2-BA55-4CC8-BCFC-93029BC81863}.Debug|Any CPU.ActiveCfg = Debug|Any CPU
		{6F51A9D2-BA55-4CC8-BCFC-93029BC81863}.Debug|Any CPU.Build.0 = Debug|Any CPU
		{6F51A9D2-BA55-4CC8-BCFC-93029BC81863}.Release|Any CPU.ActiveCfg = Release|Any CPU
		{6F51A9D2-BA55-4CC8-BCFC-93029BC81863}.Release|Any CPU.Build.0 = Release|Any CPU
		{C8C65B87-1D69-4BB6-BB67-B40371B0BCBE}.Debug|Any CPU.ActiveCfg = Debug|Any CPU
		{C8C65B87-1D69-4BB6-BB67-B40371B0BCBE}.Debug|Any CPU.Build.0 = Debug|Any CPU
		{C8C65B87-1D69-4BB6-BB67-B40371B0BCBE}.Release|Any CPU.ActiveCfg = Release|Any CPU
		{C8C65B87-1D69-4BB6-BB67-B40371B0BCBE}.Release|Any CPU.Build.0 = Release|Any CPU
		{2C7C03AC-B903-416D-86F6-F1115F67DAD4}.Debug|Any CPU.ActiveCfg = Debug|Any CPU
		{2C7C03AC-B903-416D-86F6-F1115F67DAD4}.Debug|Any CPU.Build.0 = Debug|Any CPU
		{2C7C03AC-B903-416D-86F6-F1115F67DAD4}.Release|Any CPU.ActiveCfg = Release|Any CPU
		{2C7C03AC-B903-416D-86F6-F1115F67DAD4}.Release|Any CPU.Build.0 = Release|Any CPU
		{87C30FE9-F30A-4EA6-B19A-3F3D18BCF818}.Debug|Any CPU.ActiveCfg = Debug|Any CPU
		{87C30FE9-F30A-4EA6-B19A-3F3D18BCF818}.Debug|Any CPU.Build.0 = Debug|Any CPU
		{87C30FE9-F30A-4EA6-B19A-3F3D18BCF818}.Release|Any CPU.ActiveCfg = Release|Any CPU
		{87C30FE9-F30A-4EA6-B19A-3F3D18BCF818}.Release|Any CPU.Build.0 = Release|Any CPU
		{BF6394C8-6994-4CC2-ACA7-666405473A15}.Debug|Any CPU.ActiveCfg = Debug|Any CPU
		{BF6394C8-6994-4CC2-ACA7-666405473A15}.Debug|Any CPU.Build.0 = Debug|Any CPU
		{BF6394C8-6994-4CC2-ACA7-666405473A15}.Release|Any CPU.ActiveCfg = Release|Any CPU
		{BF6394C8-6994-4CC2-ACA7-666405473A15}.Release|Any CPU.Build.0 = Release|Any CPU
		{F5FED22F-7537-4539-87D9-AFFE9AE6F344}.Debug|Any CPU.ActiveCfg = Debug|Any CPU
		{F5FED22F-7537-4539-87D9-AFFE9AE6F344}.Debug|Any CPU.Build.0 = Debug|Any CPU
		{F5FED22F-7537-4539-87D9-AFFE9AE6F344}.Release|Any CPU.ActiveCfg = Release|Any CPU
		{F5FED22F-7537-4539-87D9-AFFE9AE6F344}.Release|Any CPU.Build.0 = Release|Any CPU
		{E7DAF9EC-0CCD-4C59-A6F9-2CD62C8C0FCC}.Debug|Any CPU.ActiveCfg = Debug|Any CPU
		{E7DAF9EC-0CCD-4C59-A6F9-2CD62C8C0FCC}.Debug|Any CPU.Build.0 = Debug|Any CPU
		{E7DAF9EC-0CCD-4C59-A6F9-2CD62C8C0FCC}.Release|Any CPU.ActiveCfg = Release|Any CPU
		{E7DAF9EC-0CCD-4C59-A6F9-2CD62C8C0FCC}.Release|Any CPU.Build.0 = Release|Any CPU
		{F0CDC1EE-E069-4330-88D3-83752F2CD66C}.Debug|Any CPU.ActiveCfg = Debug|Any CPU
		{F0CDC1EE-E069-4330-88D3-83752F2CD66C}.Debug|Any CPU.Build.0 = Debug|Any CPU
		{F0CDC1EE-E069-4330-88D3-83752F2CD66C}.Release|Any CPU.ActiveCfg = Release|Any CPU
		{F0CDC1EE-E069-4330-88D3-83752F2CD66C}.Release|Any CPU.Build.0 = Release|Any CPU
		{6FD11B11-1C39-43FB-AEDC-1E5808F5EB70}.Debug|Any CPU.ActiveCfg = Debug|Any CPU
		{6FD11B11-1C39-43FB-AEDC-1E5808F5EB70}.Debug|Any CPU.Build.0 = Debug|Any CPU
		{6FD11B11-1C39-43FB-AEDC-1E5808F5EB70}.Release|Any CPU.ActiveCfg = Release|Any CPU
		{6FD11B11-1C39-43FB-AEDC-1E5808F5EB70}.Release|Any CPU.Build.0 = Release|Any CPU
		{FE820CB0-727C-40C2-BD5F-4F59E67FECBE}.Debug|Any CPU.ActiveCfg = Debug|Any CPU
		{FE820CB0-727C-40C2-BD5F-4F59E67FECBE}.Debug|Any CPU.Build.0 = Debug|Any CPU
		{FE820CB0-727C-40C2-BD5F-4F59E67FECBE}.Release|Any CPU.ActiveCfg = Release|Any CPU
		{FE820CB0-727C-40C2-BD5F-4F59E67FECBE}.Release|Any CPU.Build.0 = Release|Any CPU
		{BFD6C927-56A4-4C49-A044-2B1F8ED9F9A8}.Debug|Any CPU.ActiveCfg = Debug|Any CPU
		{BFD6C927-56A4-4C49-A044-2B1F8ED9F9A8}.Debug|Any CPU.Build.0 = Debug|Any CPU
		{BFD6C927-56A4-4C49-A044-2B1F8ED9F9A8}.Release|Any CPU.ActiveCfg = Release|Any CPU
		{BFD6C927-56A4-4C49-A044-2B1F8ED9F9A8}.Release|Any CPU.Build.0 = Release|Any CPU
		{61415374-9278-400C-8B77-579FB307BD6F}.Debug|Any CPU.ActiveCfg = Debug|Any CPU
		{61415374-9278-400C-8B77-579FB307BD6F}.Debug|Any CPU.Build.0 = Debug|Any CPU
		{61415374-9278-400C-8B77-579FB307BD6F}.Release|Any CPU.ActiveCfg = Release|Any CPU
		{61415374-9278-400C-8B77-579FB307BD6F}.Release|Any CPU.Build.0 = Release|Any CPU
	EndGlobalSection
	GlobalSection(SolutionProperties) = preSolution
		HideSolutionNode = FALSE
	EndGlobalSection
	GlobalSection(NestedProjects) = preSolution
		{94CEFC36-92F9-4F12-B8C2-7F5C983D88FF} = {D4457338-0AB9-48E1-93DE-D1EB525070F2}
		{B2D78525-FDFC-42A4-AE84-78AF5A7CC493} = {D4457338-0AB9-48E1-93DE-D1EB525070F2}
		{6C3FF0F7-2FAE-4EDA-83DF-5C0614A1D723} = {D4457338-0AB9-48E1-93DE-D1EB525070F2}
		{6F51A9D2-BA55-4CC8-BCFC-93029BC81863} = {D4457338-0AB9-48E1-93DE-D1EB525070F2}
		{C8C65B87-1D69-4BB6-BB67-B40371B0BCBE} = {D4457338-0AB9-48E1-93DE-D1EB525070F2}
		{2C7C03AC-B903-416D-86F6-F1115F67DAD4} = {17447421-435D-49BF-B571-E894DF6D7606}
		{87C30FE9-F30A-4EA6-B19A-3F3D18BCF818} = {17447421-435D-49BF-B571-E894DF6D7606}
		{BF6394C8-6994-4CC2-ACA7-666405473A15} = {17447421-435D-49BF-B571-E894DF6D7606}
		{F5FED22F-7537-4539-87D9-AFFE9AE6F344} = {17447421-435D-49BF-B571-E894DF6D7606}
		{E7DAF9EC-0CCD-4C59-A6F9-2CD62C8C0FCC} = {17447421-435D-49BF-B571-E894DF6D7606}
		{F0CDC1EE-E069-4330-88D3-83752F2CD66C} = {3BDE3AC7-D6FC-4992-A41B-3746A720FA6E}
		{6FD11B11-1C39-43FB-AEDC-1E5808F5EB70} = {3BDE3AC7-D6FC-4992-A41B-3746A720FA6E}
		{FE820CB0-727C-40C2-BD5F-4F59E67FECBE} = {3BDE3AC7-D6FC-4992-A41B-3746A720FA6E}
		{BFD6C927-56A4-4C49-A044-2B1F8ED9F9A8} = {3BDE3AC7-D6FC-4992-A41B-3746A720FA6E}
		{61415374-9278-400C-8B77-579FB307BD6F} = {3BDE3AC7-D6FC-4992-A41B-3746A720FA6E}
	EndGlobalSection
	GlobalSection(ExtensibilityGlobals) = postSolution
		SolutionGuid = {47282513-81BE-409F-8247-BBCBB3647538}
	EndGlobalSection
EndGlobal
