
Microsoft Visual Studio Solution File, Format Version 12.00
# Visual Studio Version 17
VisualStudioVersion = 17.0.31919.166
MinimumVisualStudioVersion = 10.0.40219.1
Project("{FAE04EC0-301F-11D3-BF4B-00C04F79EFBC}") = "ToDos.MinimalAPI", "ToDos.MinimalAPI\ToDos.MinimalAPI.csproj", "{C0429BA9-2285-40DC-93B9-EA931E1B29A8}"
EndProject
Global
	GlobalSection(SolutionConfigurationPlatforms) = preSolution
		Debug|Any CPU = Debug|Any CPU
		Release|Any CPU = Release|Any CPU
	EndGlobalSection
	GlobalSection(ProjectConfigurationPlatforms) = postSolution
		{C0429BA9-2285-40DC-93B9-EA931E1B29A8}.Debug|Any CPU.ActiveCfg = Debug|Any CPU
		{C0429BA9-2285-40DC-93B9-EA931E1B29A8}.Debug|Any CPU.Build.0 = Debug|Any CPU
		{C0429BA9-2285-40DC-93B9-EA931E1B29A8}.Release|Any CPU.ActiveCfg = Release|Any CPU
		{C0429BA9-2285-40DC-93B9-EA931E1B29A8}.Release|Any CPU.Build.0 = Release|Any CPU
	EndGlobalSection
	GlobalSection(SolutionProperties) = preSolution
		HideSolutionNode = FALSE
	EndGlobalSection
	GlobalSection(ExtensibilityGlobals) = postSolution
		SolutionGuid = {BE92A310-3F1C-43D0-9C6E-736215EED2DF}
	EndGlobalSection
EndGlobal
